<?xml version="1.0" encoding="UTF-8" standalone="yes" ?>
<CodeBlocks_project_file>
	<FileVersion major="1" minor="6" />
	<Project>
		<Option title="LSConv" />
		<Option makefile="makefile" />
		<Option pch_mode="0" />
		<Option compiler="mingw" />
		<Build>
			<Target title="default">
				<Option output="bin\lsconv.exe" prefix_auto="0" extension_auto="0" />
				<Option working_dir="bin" />
				<Option object_output="bin" />
				<Option deps_output="bin" />
				<Option type="1" />
				<Option compiler="mingw" />
				<Option projectResourceIncludeDirsRelation="1" />
			</Target>
			<Target title="Debug">
				<Option output="bin\lsconv.exe" prefix_auto="0" extension_auto="0" />
				<Option working_dir="bin" />
				<Option object_output="bin" />
				<Option deps_output="bin" />
				<Option type="1" />
				<Option compiler="mingw" />
				<Option projectResourceIncludeDirsRelation="1" />
				<Compiler>
					<Add option="-Wall" />
					<Add option="-g" />
				</Compiler>
			</Target>
			<Target title="Release">
				<Option output="bin\lsconv.exe" prefix_auto="0" extension_auto="0" />
				<Option working_dir="bin" />
				<Option object_output="bin" />
				<Option deps_output="bin" />
				<Option type="1" />
				<Option compiler="mingw" />
				<Option projectResourceIncludeDirsRelation="1" />
				<Compiler>
					<Add option="-march=pentium3" />
					<Add option="-O" />
					<Add option="-mfancy-math-387" />
					<Add option="-msse" />
					<Add option="-mfpmath=sse" />
					<Add option="-mtune=pentium3" />
				</Compiler>
				<Linker>
					<Add option="-s" />
				</Linker>
			</Target>
			<Target title="Optimized">
				<Option output="bin\lsconv.exe" prefix_auto="0" extension_auto="0" />
				<Option working_dir="bin" />
				<Option object_output="bin" />
				<Option deps_output="bin" />
				<Option type="1" />
				<Option compiler="mingw" />
				<Option projectResourceIncludeDirsRelation="1" />
				<Compiler>
					<Add option="-march=pentium3" />
					<Add option="-O" />
					<Add option="-mfancy-math-387" />
					<Add option="-msse" />
					<Add option="-mfpmath=sse" />
					<Add option="-mtune=pentium3" />
				</Compiler>
				<Linker>
					<Add option="-s" />
				</Linker>
			</Target>
		</Build>
		<VirtualTargets>
			<Add alias="All" targets="Optimized;" />
		</VirtualTargets>
		<Linker>
			<Add option="-static" />
		</Linker>
		<Unit filename="boolean.h" />
		<Unit filename="drc.h" />
		<Unit filename="fftsg_h.c">
			<Option compilerVar="CC" />
		</Unit>
		<Unit filename="fftsg_h.h" />
		<Unit filename="lsconv.c">
			<Option compilerVar="CC" />
		</Unit>
		<Extensions>
			<code_completion />
			<debugger />
			<envvars />
		</Extensions>
	</Project>
</CodeBlocks_project_file>
